// !$*UTF8*$!
{
	archiveVersion = 1;
	classes = {
	};
	objectVersion = 46;
	objects = {

/* Begin PBXBuildFile section */
		76021A341B85D714007107DA /* TENDataManager.m in Sources */ = {isa = PBXBuildFile; fileRef = 76021A331B85D714007107DA /* TENDataManager.m */; };
		76021A391B85EE29007107DA /* TENCoreDataViewController.m in Sources */ = {isa = PBXBuildFile; fileRef = 76021A371B85EE29007107DA /* TENCoreDataViewController.m */; };
		76021A3A1B85EE29007107DA /* TENCoreDataViewController.xib in Resources */ = {isa = PBXBuildFile; fileRef = 76021A381B85EE29007107DA /* TENCoreDataViewController.xib */; };
		76F845341B7B189600E79C5C /* TENCoreDataTests.m in Sources */ = {isa = PBXBuildFile; fileRef = 76F845331B7B189600E79C5C /* TENCoreDataTests.m */; };
		76F845451B7B1ABC00E79C5C /* AppDelegate.m in Sources */ = {isa = PBXBuildFile; fileRef = 76F845441B7B1ABC00E79C5C /* AppDelegate.m */; };
		76F8454E1B7B1B7300E79C5C /* LaunchScreen.xib in Resources */ = {isa = PBXBuildFile; fileRef = 76F845471B7B1B7300E79C5C /* LaunchScreen.xib */; };
		76F8454F1B7B1B7300E79C5C /* Images.xcassets in Resources */ = {isa = PBXBuildFile; fileRef = 76F845491B7B1B7300E79C5C /* Images.xcassets */; };
		76F845511B7B1B7300E79C5C /* main.m in Sources */ = {isa = PBXBuildFile; fileRef = 76F8454B1B7B1B7300E79C5C /* main.m */; };
		76F845521B7B1B7300E79C5C /* TENCoreData.xcdatamodeld in Sources */ = {isa = PBXBuildFile; fileRef = 76F8454C1B7B1B7300E79C5C /* TENCoreData.xcdatamodeld */; };
		76F845561B7B1D9B00E79C5C /* UIWindow+TENExtensions.m in Sources */ = {isa = PBXBuildFile; fileRef = 76F845551B7B1D9B00E79C5C /* UIWindow+TENExtensions.m */; };
		76F8455B1B7B217900E79C5C /* TENViewController.m in Sources */ = {isa = PBXBuildFile; fileRef = 76F8455A1B7B217900E79C5C /* TENViewController.m */; };
		76F8455F1B7B219300E79C5C /* TENFriendsViewController.m in Sources */ = {isa = PBXBuildFile; fileRef = 76F8455D1B7B219300E79C5C /* TENFriendsViewController.m */; };
		76F845601B7B219300E79C5C /* TENFriendsViewController.xib in Resources */ = {isa = PBXBuildFile; fileRef = 76F8455E1B7B219300E79C5C /* TENFriendsViewController.xib */; };
		76F845641B7B21D400E79C5C /* UIViewController+TENExtensions.m in Sources */ = {isa = PBXBuildFile; fileRef = 76F845631B7B21D400E79C5C /* UIViewController+TENExtensions.m */; };
		76F8457D1B7B758100E79C5C /* TENCar.m in Sources */ = {isa = PBXBuildFile; fileRef = 76F8457C1B7B758100E79C5C /* TENCar.m */; };
		76F845801B7B758200E79C5C /* TENUser.m in Sources */ = {isa = PBXBuildFile; fileRef = 76F8457F1B7B758200E79C5C /* TENUser.m */; };
		76F845831B7B758200E79C5C /* TENCoreDataObject.m in Sources */ = {isa = PBXBuildFile; fileRef = 76F845821B7B758200E79C5C /* TENCoreDataObject.m */; };
		76FB90AF1B9EFEEB008AEC4D /* TENFirstTableViewController.m in Sources */ = {isa = PBXBuildFile; fileRef = 76FB90AD1B9EFEEB008AEC4D /* TENFirstTableViewController.m */; };
		76FB90B01B9EFEEB008AEC4D /* TENFirstTableViewController.xib in Resources */ = {isa = PBXBuildFile; fileRef = 76FB90AE1B9EFEEB008AEC4D /* TENFirstTableViewController.xib */; };
		76FB90B41B9F005F008AEC4D /* TENSecondViewController.m in Sources */ = {isa = PBXBuildFile; fileRef = 76FB90B21B9F005F008AEC4D /* TENSecondViewController.m */; };
		76FB90B51B9F005F008AEC4D /* TENSecondViewController.xib in Resources */ = {isa = PBXBuildFile; fileRef = 76FB90B31B9F005F008AEC4D /* TENSecondViewController.xib */; };
		76FB90B81B9F0232008AEC4D /* TENModel.m in Sources */ = {isa = PBXBuildFile; fileRef = 76FB90B71B9F0232008AEC4D /* TENModel.m */; };
/* End PBXBuildFile section */

/* Begin PBXContainerItemProxy section */
		76F8452E1B7B189600E79C5C /* PBXContainerItemProxy */ = {
			isa = PBXContainerItemProxy;
			containerPortal = 76F845091B7B189600E79C5C /* Project object */;
			proxyType = 1;
			remoteGlobalIDString = 76F845101B7B189600E79C5C;
			remoteInfo = TENCoreData;
		};
/* End PBXContainerItemProxy section */

/* Begin PBXFileReference section */
		76021A321B85D714007107DA /* TENDataManager.h */ = {isa = PBXFileReference; fileEncoding = 4; lastKnownFileType = sourcecode.c.h; path = TENDataManager.h; sourceTree = "<group>"; };
		76021A331B85D714007107DA /* TENDataManager.m */ = {isa = PBXFileReference; fileEncoding = 4; lastKnownFileType = sourcecode.c.objc; path = TENDataManager.m; sourceTree = "<group>"; };
		76021A361B85EE29007107DA /* TENCoreDataViewController.h */ = {isa = PBXFileReference; fileEncoding = 4; lastKnownFileType = sourcecode.c.h; path = TENCoreDataViewController.h; sourceTree = "<group>"; };
		76021A371B85EE29007107DA /* TENCoreDataViewController.m */ = {isa = PBXFileReference; fileEncoding = 4; lastKnownFileType = sourcecode.c.objc; path = TENCoreDataViewController.m; sourceTree = "<group>"; };
		76021A381B85EE29007107DA /* TENCoreDataViewController.xib */ = {isa = PBXFileReference; fileEncoding = 4; lastKnownFileType = file.xib; path = TENCoreDataViewController.xib; sourceTree = "<group>"; };
		76F845111B7B189600E79C5C /* TENCoreData.app */ = {isa = PBXFileReference; explicitFileType = wrapper.application; includeInIndex = 0; path = TENCoreData.app; sourceTree = BUILT_PRODUCTS_DIR; };
		76F8452D1B7B189600E79C5C /* TENCoreDataTests.xctest */ = {isa = PBXFileReference; explicitFileType = wrapper.cfbundle; includeInIndex = 0; path = TENCoreDataTests.xctest; sourceTree = BUILT_PRODUCTS_DIR; };
		76F845321B7B189600E79C5C /* Info.plist */ = {isa = PBXFileReference; lastKnownFileType = text.plist.xml; path = Info.plist; sourceTree = "<group>"; };
		76F845331B7B189600E79C5C /* TENCoreDataTests.m */ = {isa = PBXFileReference; lastKnownFileType = sourcecode.c.objc; path = TENCoreDataTests.m; sourceTree = "<group>"; };
		76F845431B7B1ABC00E79C5C /* AppDelegate.h */ = {isa = PBXFileReference; fileEncoding = 4; lastKnownFileType = sourcecode.c.h; path = AppDelegate.h; sourceTree = "<group>"; };
		76F845441B7B1ABC00E79C5C /* AppDelegate.m */ = {isa = PBXFileReference; fileEncoding = 4; lastKnownFileType = sourcecode.c.objc; path = AppDelegate.m; sourceTree = "<group>"; };
		76F845481B7B1B7300E79C5C /* Base */ = {isa = PBXFileReference; lastKnownFileType = file.xib; name = Base; path = Base.lproj/LaunchScreen.xib; sourceTree = "<group>"; };
		76F845491B7B1B7300E79C5C /* Images.xcassets */ = {isa = PBXFileReference; lastKnownFileType = folder.assetcatalog; path = Images.xcassets; sourceTree = "<group>"; };
		76F8454A1B7B1B7300E79C5C /* Info.plist */ = {isa = PBXFileReference; fileEncoding = 4; lastKnownFileType = text.plist.xml; path = Info.plist; sourceTree = "<group>"; };
		76F8454B1B7B1B7300E79C5C /* main.m */ = {isa = PBXFileReference; fileEncoding = 4; lastKnownFileType = sourcecode.c.objc; path = main.m; sourceTree = "<group>"; };
		76F8454D1B7B1B7300E79C5C /* TENCoreData.xcdatamodel */ = {isa = PBXFileReference; lastKnownFileType = wrapper.xcdatamodel; path = TENCoreData.xcdatamodel; sourceTree = "<group>"; };
		76F845541B7B1D9B00E79C5C /* UIWindow+TENExtensions.h */ = {isa = PBXFileReference; fileEncoding = 4; lastKnownFileType = sourcecode.c.h; path = "UIWindow+TENExtensions.h"; sourceTree = "<group>"; };
		76F845551B7B1D9B00E79C5C /* UIWindow+TENExtensions.m */ = {isa = PBXFileReference; fileEncoding = 4; lastKnownFileType = sourcecode.c.objc; path = "UIWindow+TENExtensions.m"; sourceTree = "<group>"; };
		76F845591B7B217900E79C5C /* TENViewController.h */ = {isa = PBXFileReference; fileEncoding = 4; lastKnownFileType = sourcecode.c.h; path = TENViewController.h; sourceTree = "<group>"; };
		76F8455A1B7B217900E79C5C /* TENViewController.m */ = {isa = PBXFileReference; fileEncoding = 4; lastKnownFileType = sourcecode.c.objc; path = TENViewController.m; sourceTree = "<group>"; };
		76F8455C1B7B219300E79C5C /* TENFriendsViewController.h */ = {isa = PBXFileReference; fileEncoding = 4; lastKnownFileType = sourcecode.c.h; path = TENFriendsViewController.h; sourceTree = "<group>"; };
		76F8455D1B7B219300E79C5C /* TENFriendsViewController.m */ = {isa = PBXFileReference; fileEncoding = 4; lastKnownFileType = sourcecode.c.objc; path = TENFriendsViewController.m; sourceTree = "<group>"; };
		76F8455E1B7B219300E79C5C /* TENFriendsViewController.xib */ = {isa = PBXFileReference; fileEncoding = 4; lastKnownFileType = file.xib; path = TENFriendsViewController.xib; sourceTree = "<group>"; };
		76F845621B7B21D400E79C5C /* UIViewController+TENExtensions.h */ = {isa = PBXFileReference; fileEncoding = 4; lastKnownFileType = sourcecode.c.h; path = "UIViewController+TENExtensions.h"; sourceTree = "<group>"; };
		76F845631B7B21D400E79C5C /* UIViewController+TENExtensions.m */ = {isa = PBXFileReference; fileEncoding = 4; lastKnownFileType = sourcecode.c.objc; path = "UIViewController+TENExtensions.m"; sourceTree = "<group>"; };
		76F8457B1B7B758100E79C5C /* TENCar.h */ = {isa = PBXFileReference; fileEncoding = 4; lastKnownFileType = sourcecode.c.h; path = TENCar.h; sourceTree = "<group>"; };
		76F8457C1B7B758100E79C5C /* TENCar.m */ = {isa = PBXFileReference; fileEncoding = 4; lastKnownFileType = sourcecode.c.objc; path = TENCar.m; sourceTree = "<group>"; };
		76F8457E1B7B758200E79C5C /* TENUser.h */ = {isa = PBXFileReference; fileEncoding = 4; lastKnownFileType = sourcecode.c.h; path = TENUser.h; sourceTree = "<group>"; };
		76F8457F1B7B758200E79C5C /* TENUser.m */ = {isa = PBXFileReference; fileEncoding = 4; lastKnownFileType = sourcecode.c.objc; path = TENUser.m; sourceTree = "<group>"; };
		76F845811B7B758200E79C5C /* TENCoreDataObject.h */ = {isa = PBXFileReference; fileEncoding = 4; lastKnownFileType = sourcecode.c.h; path = TENCoreDataObject.h; sourceTree = "<group>"; };
		76F845821B7B758200E79C5C /* TENCoreDataObject.m */ = {isa = PBXFileReference; fileEncoding = 4; lastKnownFileType = sourcecode.c.objc; path = TENCoreDataObject.m; sourceTree = "<group>"; };
		76FB90AC1B9EFEEB008AEC4D /* TENFirstTableViewController.h */ = {isa = PBXFileReference; fileEncoding = 4; lastKnownFileType = sourcecode.c.h; path = TENFirstTableViewController.h; sourceTree = "<group>"; };
		76FB90AD1B9EFEEB008AEC4D /* TENFirstTableViewController.m */ = {isa = PBXFileReference; fileEncoding = 4; lastKnownFileType = sourcecode.c.objc; path = TENFirstTableViewController.m; sourceTree = "<group>"; };
		76FB90AE1B9EFEEB008AEC4D /* TENFirstTableViewController.xib */ = {isa = PBXFileReference; fileEncoding = 4; lastKnownFileType = file.xib; path = TENFirstTableViewController.xib; sourceTree = "<group>"; };
		76FB90B11B9F005F008AEC4D /* TENSecondViewController.h */ = {isa = PBXFileReference; fileEncoding = 4; lastKnownFileType = sourcecode.c.h; path = TENSecondViewController.h; sourceTree = "<group>"; };
		76FB90B21B9F005F008AEC4D /* TENSecondViewController.m */ = {isa = PBXFileReference; fileEncoding = 4; lastKnownFileType = sourcecode.c.objc; path = TENSecondViewController.m; sourceTree = "<group>"; };
		76FB90B31B9F005F008AEC4D /* TENSecondViewController.xib */ = {isa = PBXFileReference; fileEncoding = 4; lastKnownFileType = file.xib; path = TENSecondViewController.xib; sourceTree = "<group>"; };
		76FB90B61B9F0232008AEC4D /* TENModel.h */ = {isa = PBXFileReference; fileEncoding = 4; lastKnownFileType = sourcecode.c.h; path = TENModel.h; sourceTree = "<group>"; };
		76FB90B71B9F0232008AEC4D /* TENModel.m */ = {isa = PBXFileReference; fileEncoding = 4; lastKnownFileType = sourcecode.c.objc; path = TENModel.m; sourceTree = "<group>"; };
/* End PBXFileReference section */

/* Begin PBXFrameworksBuildPhase section */
		76F8450E1B7B189600E79C5C /* Frameworks */ = {
			isa = PBXFrameworksBuildPhase;
			buildActionMask = 2147483647;
			files = (
			);
			runOnlyForDeploymentPostprocessing = 0;
		};
		76F8452A1B7B189600E79C5C /* Frameworks */ = {
			isa = PBXFrameworksBuildPhase;
			buildActionMask = 2147483647;
			files = (
			);
			runOnlyForDeploymentPostprocessing = 0;
		};
/* End PBXFrameworksBuildPhase section */

/* Begin PBXGroup section */
		76021A311B85D6FF007107DA /* TENDataManager */ = {
			isa = PBXGroup;
			children = (
				76021A321B85D714007107DA /* TENDataManager.h */,
				76021A331B85D714007107DA /* TENDataManager.m */,
			);
			path = TENDataManager;
			sourceTree = "<group>";
		};
		76021A351B85EE03007107DA /* TENCoreDataViewController */ = {
			isa = PBXGroup;
			children = (
				76021A361B85EE29007107DA /* TENCoreDataViewController.h */,
				76021A371B85EE29007107DA /* TENCoreDataViewController.m */,
				76021A381B85EE29007107DA /* TENCoreDataViewController.xib */,
			);
			path = TENCoreDataViewController;
			sourceTree = "<group>";
		};
		76F845081B7B189600E79C5C = {
			isa = PBXGroup;
			children = (
				76F8453E1B7B1A0500E79C5C /* Source */,
				76F8453D1B7B19FD00E79C5C /* Resources */,
				76F845131B7B189600E79C5C /* TENCoreData */,
				76F845301B7B189600E79C5C /* TENCoreDataTests */,
				76F845121B7B189600E79C5C /* Products */,
			);
			sourceTree = "<group>";
		};
		76F845121B7B189600E79C5C /* Products */ = {
			isa = PBXGroup;
			children = (
				76F845111B7B189600E79C5C /* TENCoreData.app */,
				76F8452D1B7B189600E79C5C /* TENCoreDataTests.xctest */,
			);
			name = Products;
			sourceTree = "<group>";
		};
		76F845131B7B189600E79C5C /* TENCoreData */ = {
			isa = PBXGroup;
			children = (
			);
			path = TENCoreData;
			sourceTree = "<group>";
		};
		76F845301B7B189600E79C5C /* TENCoreDataTests */ = {
			isa = PBXGroup;
			children = (
				76F845331B7B189600E79C5C /* TENCoreDataTests.m */,
				76F845311B7B189600E79C5C /* Supporting Files */,
			);
			path = TENCoreDataTests;
			sourceTree = "<group>";
		};
		76F845311B7B189600E79C5C /* Supporting Files */ = {
			isa = PBXGroup;
			children = (
				76F845321B7B189600E79C5C /* Info.plist */,
			);
			name = "Supporting Files";
			sourceTree = "<group>";
		};
		76F8453D1B7B19FD00E79C5C /* Resources */ = {
			isa = PBXGroup;
			children = (
			);
			path = Resources;
			sourceTree = "<group>";
		};
		76F8453E1B7B1A0500E79C5C /* Source */ = {
			isa = PBXGroup;
			children = (
				76F845651B7B3AEF00E79C5C /* Model */,
				76F8453F1B7B1A7B00E79C5C /* GUI */,
				76F845461B7B1B7300E79C5C /* SupportingFiles */,
				76F845401B7B1A8300E79C5C /* Libraries */,
				76F845431B7B1ABC00E79C5C /* AppDelegate.h */,
				76F845441B7B1ABC00E79C5C /* AppDelegate.m */,
			);
			path = Source;
			sourceTree = "<group>";
		};
		76F8453F1B7B1A7B00E79C5C /* GUI */ = {
			isa = PBXGroup;
			children = (
				76FB90AB1B9EFEBD008AEC4D /* TENPushPopViewController */,
				76021A351B85EE03007107DA /* TENCoreDataViewController */,
				76F845571B7B214E00E79C5C /* TENFriendsViewController */,
			);
			path = GUI;
			sourceTree = "<group>";
		};
		76F845401B7B1A8300E79C5C /* Libraries */ = {
			isa = PBXGroup;
			children = (
				76F845411B7B1A8300E79C5C /* Categories */,
				76F845421B7B1A8300E79C5C /* Classes */,
			);
			path = Libraries;
			sourceTree = "<group>";
		};
		76F845411B7B1A8300E79C5C /* Categories */ = {
			isa = PBXGroup;
			children = (
				76F845611B7B21D400E79C5C /* UIViewController+TENExtensions */,
				76F845531B7B1D9B00E79C5C /* UIWindow+TENExtensions */,
			);
			path = Categories;
			sourceTree = "<group>";
		};
		76F845421B7B1A8300E79C5C /* Classes */ = {
			isa = PBXGroup;
			children = (
				76F845581B7B217900E79C5C /* TENViewController */,
			);
			path = Classes;
			sourceTree = "<group>";
		};
		76F845461B7B1B7300E79C5C /* SupportingFiles */ = {
			isa = PBXGroup;
			children = (
				76F845471B7B1B7300E79C5C /* LaunchScreen.xib */,
				76F845491B7B1B7300E79C5C /* Images.xcassets */,
				76F8454A1B7B1B7300E79C5C /* Info.plist */,
				76F8454B1B7B1B7300E79C5C /* main.m */,
				76F8454C1B7B1B7300E79C5C /* TENCoreData.xcdatamodeld */,
			);
			path = SupportingFiles;
			sourceTree = "<group>";
		};
		76F845531B7B1D9B00E79C5C /* UIWindow+TENExtensions */ = {
			isa = PBXGroup;
			children = (
				76F845541B7B1D9B00E79C5C /* UIWindow+TENExtensions.h */,
				76F845551B7B1D9B00E79C5C /* UIWindow+TENExtensions.m */,
			);
			path = "UIWindow+TENExtensions";
			sourceTree = "<group>";
		};
		76F845571B7B214E00E79C5C /* TENFriendsViewController */ = {
			isa = PBXGroup;
			children = (
				76F8455C1B7B219300E79C5C /* TENFriendsViewController.h */,
				76F8455D1B7B219300E79C5C /* TENFriendsViewController.m */,
				76F8455E1B7B219300E79C5C /* TENFriendsViewController.xib */,
			);
			path = TENFriendsViewController;
			sourceTree = "<group>";
		};
		76F845581B7B217900E79C5C /* TENViewController */ = {
			isa = PBXGroup;
			children = (
				76F845591B7B217900E79C5C /* TENViewController.h */,
				76F8455A1B7B217900E79C5C /* TENViewController.m */,
			);
			path = TENViewController;
			sourceTree = "<group>";
		};
		76F845611B7B21D400E79C5C /* UIViewController+TENExtensions */ = {
			isa = PBXGroup;
			children = (
				76F845621B7B21D400E79C5C /* UIViewController+TENExtensions.h */,
				76F845631B7B21D400E79C5C /* UIViewController+TENExtensions.m */,
			);
			path = "UIViewController+TENExtensions";
			sourceTree = "<group>";
		};
		76F845651B7B3AEF00E79C5C /* Model */ = {
			isa = PBXGroup;
			children = (
				76021A311B85D6FF007107DA /* TENDataManager */,
				76F845661B7B3B0E00E79C5C /* TENCoreDataModel */,
			);
			path = Model;
			sourceTree = "<group>";
		};
		76F845661B7B3B0E00E79C5C /* TENCoreDataModel */ = {
			isa = PBXGroup;
			children = (
				76F845811B7B758200E79C5C /* TENCoreDataObject.h */,
				76F845821B7B758200E79C5C /* TENCoreDataObject.m */,
				76F8457E1B7B758200E79C5C /* TENUser.h */,
				76F8457F1B7B758200E79C5C /* TENUser.m */,
				76F8457B1B7B758100E79C5C /* TENCar.h */,
				76F8457C1B7B758100E79C5C /* TENCar.m */,
			);
			path = TENCoreDataModel;
			sourceTree = "<group>";
		};
		76FB90AB1B9EFEBD008AEC4D /* TENPushPopViewController */ = {
			isa = PBXGroup;
			children = (
				76FB90AC1B9EFEEB008AEC4D /* TENFirstTableViewController.h */,
				76FB90AD1B9EFEEB008AEC4D /* TENFirstTableViewController.m */,
				76FB90AE1B9EFEEB008AEC4D /* TENFirstTableViewController.xib */,
				76FB90B11B9F005F008AEC4D /* TENSecondViewController.h */,
				76FB90B21B9F005F008AEC4D /* TENSecondViewController.m */,
				76FB90B31B9F005F008AEC4D /* TENSecondViewController.xib */,
				76FB90B61B9F0232008AEC4D /* TENModel.h */,
				76FB90B71B9F0232008AEC4D /* TENModel.m */,
			);
			path = TENPushPopViewController;
			sourceTree = "<group>";
		};
/* End PBXGroup section */

/* Begin PBXNativeTarget section */
		76F845101B7B189600E79C5C /* TENCoreData */ = {
			isa = PBXNativeTarget;
			buildConfigurationList = 76F845371B7B189600E79C5C /* Build configuration list for PBXNativeTarget "TENCoreData" */;
			buildPhases = (
				76F8450D1B7B189600E79C5C /* Sources */,
				76F8450E1B7B189600E79C5C /* Frameworks */,
				76F8450F1B7B189600E79C5C /* Resources */,
			);
			buildRules = (
			);
			dependencies = (
			);
			name = TENCoreData;
			productName = TENCoreData;
			productReference = 76F845111B7B189600E79C5C /* TENCoreData.app */;
			productType = "com.apple.product-type.application";
		};
		76F8452C1B7B189600E79C5C /* TENCoreDataTests */ = {
			isa = PBXNativeTarget;
			buildConfigurationList = 76F8453A1B7B189600E79C5C /* Build configuration list for PBXNativeTarget "TENCoreDataTests" */;
			buildPhases = (
				76F845291B7B189600E79C5C /* Sources */,
				76F8452A1B7B189600E79C5C /* Frameworks */,
				76F8452B1B7B189600E79C5C /* Resources */,
			);
			buildRules = (
			);
			dependencies = (
				76F8452F1B7B189600E79C5C /* PBXTargetDependency */,
			);
			name = TENCoreDataTests;
			productName = TENCoreDataTests;
			productReference = 76F8452D1B7B189600E79C5C /* TENCoreDataTests.xctest */;
			productType = "com.apple.product-type.bundle.unit-test";
		};
/* End PBXNativeTarget section */

/* Begin PBXProject section */
		76F845091B7B189600E79C5C /* Project object */ = {
			isa = PBXProject;
			attributes = {
				LastUpgradeCheck = 0640;
				ORGANIZATIONNAME = 444ten;
				TargetAttributes = {
					76F845101B7B189600E79C5C = {
						CreatedOnToolsVersion = 6.4;
					};
					76F8452C1B7B189600E79C5C = {
						CreatedOnToolsVersion = 6.4;
						TestTargetID = 76F845101B7B189600E79C5C;
					};
				};
			};
			buildConfigurationList = 76F8450C1B7B189600E79C5C /* Build configuration list for PBXProject "TENCoreData" */;
			compatibilityVersion = "Xcode 3.2";
			developmentRegion = English;
			hasScannedForEncodings = 0;
			knownRegions = (
				en,
				Base,
			);
			mainGroup = 76F845081B7B189600E79C5C;
			productRefGroup = 76F845121B7B189600E79C5C /* Products */;
			projectDirPath = "";
			projectRoot = "";
			targets = (
				76F845101B7B189600E79C5C /* TENCoreData */,
				76F8452C1B7B189600E79C5C /* TENCoreDataTests */,
			);
		};
/* End PBXProject section */

/* Begin PBXResourcesBuildPhase section */
		76F8450F1B7B189600E79C5C /* Resources */ = {
			isa = PBXResourcesBuildPhase;
			buildActionMask = 2147483647;
			files = (
				76FB90B51B9F005F008AEC4D /* TENSecondViewController.xib in Resources */,
				76FB90B01B9EFEEB008AEC4D /* TENFirstTableViewController.xib in Resources */,
				76F8454E1B7B1B7300E79C5C /* LaunchScreen.xib in Resources */,
				76F8454F1B7B1B7300E79C5C /* Images.xcassets in Resources */,
				76F845601B7B219300E79C5C /* TENFriendsViewController.xib in Resources */,
				76021A3A1B85EE29007107DA /* TENCoreDataViewController.xib in Resources */,
			);
			runOnlyForDeploymentPostprocessing = 0;
		};
		76F8452B1B7B189600E79C5C /* Resources */ = {
			isa = PBXResourcesBuildPhase;
			buildActionMask = 2147483647;
			files = (
			);
			runOnlyForDeploymentPostprocessing = 0;
		};
/* End PBXResourcesBuildPhase section */

/* Begin PBXSourcesBuildPhase section */
		76F8450D1B7B189600E79C5C /* Sources */ = {
			isa = PBXSourcesBuildPhase;
			buildActionMask = 2147483647;
			files = (
				76021A341B85D714007107DA /* TENDataManager.m in Sources */,
				76F8457D1B7B758100E79C5C /* TENCar.m in Sources */,
				76F845831B7B758200E79C5C /* TENCoreDataObject.m in Sources */,
				76021A391B85EE29007107DA /* TENCoreDataViewController.m in Sources */,
				76FB90B41B9F005F008AEC4D /* TENSecondViewController.m in Sources */,
				76F845511B7B1B7300E79C5C /* main.m in Sources */,
				76F845521B7B1B7300E79C5C /* TENCoreData.xcdatamodeld in Sources */,
				76F845641B7B21D400E79C5C /* UIViewController+TENExtensions.m in Sources */,
				76F845801B7B758200E79C5C /* TENUser.m in Sources */,
				76F8455B1B7B217900E79C5C /* TENViewController.m in Sources */,
				76F845451B7B1ABC00E79C5C /* AppDelegate.m in Sources */,
				76F8455F1B7B219300E79C5C /* TENFriendsViewController.m in Sources */,
				76FB90AF1B9EFEEB008AEC4D /* TENFirstTableViewController.m in Sources */,
				76FB90B81B9F0232008AEC4D /* TENModel.m in Sources */,
				76F845561B7B1D9B00E79C5C /* UIWindow+TENExtensions.m in Sources */,
			);
			runOnlyForDeploymentPostprocessing = 0;
		};
		76F845291B7B189600E79C5C /* Sources */ = {
			isa = PBXSourcesBuildPhase;
			buildActionMask = 2147483647;
			files = (
				76F845341B7B189600E79C5C /* TENCoreDataTests.m in Sources */,
			);
			runOnlyForDeploymentPostprocessing = 0;
		};
/* End PBXSourcesBuildPhase section */

/* Begin PBXTargetDependency section */
		76F8452F1B7B189600E79C5C /* PBXTargetDependency */ = {
			isa = PBXTargetDependency;
			target = 76F845101B7B189600E79C5C /* TENCoreData */;
			targetProxy = 76F8452E1B7B189600E79C5C /* PBXContainerItemProxy */;
		};
/* End PBXTargetDependency section */

/* Begin PBXVariantGroup section */
		76F845471B7B1B7300E79C5C /* LaunchScreen.xib */ = {
			isa = PBXVariantGroup;
			children = (
				76F845481B7B1B7300E79C5C /* Base */,
			);
			name = LaunchScreen.xib;
			sourceTree = "<group>";
		};
/* End PBXVariantGroup section */

/* Begin XCBuildConfiguration section */
		76F845351B7B189600E79C5C /* Debug */ = {
			isa = XCBuildConfiguration;
			buildSettings = {
				ALWAYS_SEARCH_USER_PATHS = NO;
				CLANG_CXX_LANGUAGE_STANDARD = "gnu++0x";
				CLANG_CXX_LIBRARY = "libc++";
				CLANG_ENABLE_MODULES = YES;
				CLANG_ENABLE_OBJC_ARC = YES;
				CLANG_WARN_BOOL_CONVERSION = YES;
				CLANG_WARN_CONSTANT_CONVERSION = YES;
				CLANG_WARN_DIRECT_OBJC_ISA_USAGE = YES_ERROR;
				CLANG_WARN_EMPTY_BODY = YES;
				CLANG_WARN_ENUM_CONVERSION = YES;
				CLANG_WARN_INT_CONVERSION = YES;
				CLANG_WARN_OBJC_ROOT_CLASS = YES_ERROR;
				CLANG_WARN_UNREACHABLE_CODE = YES;
				CLANG_WARN__DUPLICATE_METHOD_MATCH = YES;
				"CODE_SIGN_IDENTITY[sdk=iphoneos*]" = "iPhone Developer";
				COPY_PHASE_STRIP = NO;
				DEBUG_INFORMATION_FORMAT = "dwarf-with-dsym";
				ENABLE_STRICT_OBJC_MSGSEND = YES;
				GCC_C_LANGUAGE_STANDARD = gnu99;
				GCC_DYNAMIC_NO_PIC = NO;
				GCC_NO_COMMON_BLOCKS = YES;
				GCC_OPTIMIZATION_LEVEL = 0;
				GCC_PREPROCESSOR_DEFINITIONS = (
					"DEBUG=1",
					"$(inherited)",
				);
				GCC_SYMBOLS_PRIVATE_EXTERN = NO;
				GCC_WARN_64_TO_32_BIT_CONVERSION = YES;
				GCC_WARN_ABOUT_RETURN_TYPE = YES_ERROR;
				GCC_WARN_UNDECLARED_SELECTOR = YES;
				GCC_WARN_UNINITIALIZED_AUTOS = YES_AGGRESSIVE;
				GCC_WARN_UNUSED_FUNCTION = YES;
				GCC_WARN_UNUSED_VARIABLE = YES;
				IPHONEOS_DEPLOYMENT_TARGET = 8.4;
				MTL_ENABLE_DEBUG_INFO = YES;
				ONLY_ACTIVE_ARCH = YES;
				SDKROOT = iphoneos;
				TARGETED_DEVICE_FAMILY = "1,2";
			};
			name = Debug;
		};
		76F845361B7B189600E79C5C /* Release */ = {
			isa = XCBuildConfiguration;
			buildSettings = {
				ALWAYS_SEARCH_USER_PATHS = NO;
				CLANG_CXX_LANGUAGE_STANDARD = "gnu++0x";
				CLANG_CXX_LIBRARY = "libc++";
				CLANG_ENABLE_MODULES = YES;
				CLANG_ENABLE_OBJC_ARC = YES;
				CLANG_WARN_BOOL_CONVERSION = YES;
				CLANG_WARN_CONSTANT_CONVERSION = YES;
				CLANG_WARN_DIRECT_OBJC_ISA_USAGE = YES_ERROR;
				CLANG_WARN_EMPTY_BODY = YES;
				CLANG_WARN_ENUM_CONVERSION = YES;
				CLANG_WARN_INT_CONVERSION = YES;
				CLANG_WARN_OBJC_ROOT_CLASS = YES_ERROR;
				CLANG_WARN_UNREACHABLE_CODE = YES;
				CLANG_WARN__DUPLICATE_METHOD_MATCH = YES;
				"CODE_SIGN_IDENTITY[sdk=iphoneos*]" = "iPhone Developer";
				COPY_PHASE_STRIP = NO;
				DEBUG_INFORMATION_FORMAT = "dwarf-with-dsym";
				ENABLE_NS_ASSERTIONS = NO;
				ENABLE_STRICT_OBJC_MSGSEND = YES;
				GCC_C_LANGUAGE_STANDARD = gnu99;
				GCC_NO_COMMON_BLOCKS = YES;
				GCC_WARN_64_TO_32_BIT_CONVERSION = YES;
				GCC_WARN_ABOUT_RETURN_TYPE = YES_ERROR;
				GCC_WARN_UNDECLARED_SELECTOR = YES;
				GCC_WARN_UNINITIALIZED_AUTOS = YES_AGGRESSIVE;
				GCC_WARN_UNUSED_FUNCTION = YES;
				GCC_WARN_UNUSED_VARIABLE = YES;
				IPHONEOS_DEPLOYMENT_TARGET = 8.4;
				MTL_ENABLE_DEBUG_INFO = NO;
				SDKROOT = iphoneos;
				TARGETED_DEVICE_FAMILY = "1,2";
				VALIDATE_PRODUCT = YES;
			};
			name = Release;
		};
		76F845381B7B189600E79C5C /* Debug */ = {
			isa = XCBuildConfiguration;
			buildSettings = {
				ASSETCATALOG_COMPILER_APPICON_NAME = AppIcon;
				INFOPLIST_FILE = "$(SRCROOT)/Source/SupportingFiles/Info.plist";
				IPHONEOS_DEPLOYMENT_TARGET = 8.0;
				LD_RUNPATH_SEARCH_PATHS = "$(inherited) @executable_path/Frameworks";
				PRODUCT_NAME = "$(TARGET_NAME)";
			};
			name = Debug;
		};
		76F845391B7B189600E79C5C /* Release */ = {
			isa = XCBuildConfiguration;
			buildSettings = {
				ASSETCATALOG_COMPILER_APPICON_NAME = AppIcon;
				INFOPLIST_FILE = "$(SRCROOT)/Source/SupportingFiles/Info.plist";
				IPHONEOS_DEPLOYMENT_TARGET = 8.0;
				LD_RUNPATH_SEARCH_PATHS = "$(inherited) @executable_path/Frameworks";
				PRODUCT_NAME = "$(TARGET_NAME)";
			};
			name = Release;
		};
		76F8453B1B7B189600E79C5C /* Debug */ = {
			isa = XCBuildConfiguration;
			buildSettings = {
				BUNDLE_LOADER = "$(TEST_HOST)";
				FRAMEWORK_SEARCH_PATHS = (
					"$(SDKROOT)/Developer/Library/Frameworks",
					"$(inherited)",
				);
				GCC_PREPROCESSOR_DEFINITIONS = (
					"DEBUG=1",
					"$(inherited)",
				);
				INFOPLIST_FILE = TENCoreDataTests/Info.plist;
				LD_RUNPATH_SEARCH_PATHS = "$(inherited) @executable_path/Frameworks @loader_path/Frameworks";
				PRODUCT_NAME = "$(TARGET_NAME)";
				TEST_HOST = "$(BUILT_PRODUCTS_DIR)/TENCoreData.app/TENCoreData";
			};
			name = Debug;
		};
		76F8453C1B7B189600E79C5C /* Release */ = {
			isa = XCBuildConfiguration;
			buildSettings = {
				BUNDLE_LOADER = "$(TEST_HOST)";
				FRAMEWORK_SEARCH_PATHS = (
					"$(SDKROOT)/Developer/Library/Frameworks",
					"$(inherited)",
				);
				INFOPLIST_FILE = TENCoreDataTests/Info.plist;
				LD_RUNPATH_SEARCH_PATHS = "$(inherited) @executable_path/Frameworks @loader_path/Frameworks";
				PRODUCT_NAME = "$(TARGET_NAME)";
				TEST_HOST = "$(BUILT_PRODUCTS_DIR)/TENCoreData.app/TENCoreData";
			};
			name = Release;
		};
/* End XCBuildConfiguration section */

/* Begin XCConfigurationList section */
		76F8450C1B7B189600E79C5C /* Build configuration list for PBXProject "TENCoreData" */ = {
			isa = XCConfigurationList;
			buildConfigurations = (
				76F845351B7B189600E79C5C /* Debug */,
				76F845361B7B189600E79C5C /* Release */,
			);
			defaultConfigurationIsVisible = 0;
			defaultConfigurationName = Release;
		};
		76F845371B7B189600E79C5C /* Build configuration list for PBXNativeTarget "TENCoreData" */ = {
			isa = XCConfigurationList;
			buildConfigurations = (
				76F845381B7B189600E79C5C /* Debug */,
				76F845391B7B189600E79C5C /* Release */,
			);
			defaultConfigurationIsVisible = 0;
			defaultConfigurationName = Release;
		};
		76F8453A1B7B189600E79C5C /* Build configuration list for PBXNativeTarget "TENCoreDataTests" */ = {
			isa = XCConfigurationList;
			buildConfigurations = (
				76F8453B1B7B189600E79C5C /* Debug */,
				76F8453C1B7B189600E79C5C /* Release */,
			);
			defaultConfigurationIsVisible = 0;
			defaultConfigurationName = Release;
		};
/* End XCConfigurationList section */

/* Begin XCVersionGroup section */
		76F8454C1B7B1B7300E79C5C /* TENCoreData.xcdatamodeld */ = {
			isa = XCVersionGroup;
			children = (
				76F8454D1B7B1B7300E79C5C /* TENCoreData.xcdatamodel */,
			);
			currentVersion = 76F8454D1B7B1B7300E79C5C /* TENCoreData.xcdatamodel */;
			path = TENCoreData.xcdatamodeld;
			sourceTree = "<group>";
			versionGroupType = wrapper.xcdatamodel;
		};
/* End XCVersionGroup section */
	};
	rootObject = 76F845091B7B189600E79C5C /* Project object */;
}
